
Microsoft Visual Studio Solution File, Format Version 12.00
# Visual Studio Version 17
VisualStudioVersion = 17.10.35027.167
MinimumVisualStudioVersion = 10.0.40219.1
Project("{FAE04EC0-301F-11D3-BF4B-00C04F79EFBC}") = "Game-Zone[CRUD]", "Game-Zone[CRUD]\Game-Zone[CRUD].csproj", "{DFB1DDB7-2021-4DD3-B453-17C5AE6BAD7C}"
EndProject
Global
	GlobalSection(SolutionConfigurationPlatforms) = preSolution
		Debug|Any CPU = Debug|Any CPU
		Release|Any CPU = Release|Any CPU
	EndGlobalSection
	GlobalSection(ProjectConfigurationPlatforms) = postSolution
		{DFB1DDB7-2021-4DD3-B453-17C5AE6BAD7C}.Debug|Any CPU.ActiveCfg = Debug|Any CPU
		{DFB1DDB7-2021-4DD3-B453-17C5AE6BAD7C}.Debug|Any CPU.Build.0 = Debug|Any CPU
		{DFB1DDB7-2021-4DD3-B453-17C5AE6BAD7C}.Release|Any CPU.ActiveCfg = Release|Any CPU
		{DFB1DDB7-2021-4DD3-B453-17C5AE6BAD7C}.Release|Any CPU.Build.0 = Release|Any CPU
	EndGlobalSection
	GlobalSection(SolutionProperties) = preSolution
		HideSolutionNode = FALSE
	EndGlobalSection
	GlobalSection(ExtensibilityGlobals) = postSolution
		SolutionGuid = {4997961C-D7E6-479E-9C30-7A2D078B154D}
	EndGlobalSection
EndGlobal
